# This file is autogenerated, do not edit; changes may be undone by the next 'dep ensure'.


[[projects]]
  digest = "1:c0164b6d52877372590085b45f53a160f47c24e8a2312bb815489223044f5914"
  name = "bitbucket.org/ww/goautoneg"
  packages = ["."]
  pruneopts = "NUT"
  revision = "75cd24fc2f2c2a2088577d12123ddee5f54e0675"

[[projects]]
  digest = "1:aa65b4877ac225076b4362885e9122fdf6a8728f735749c24f1aeabcad9bdaba"
  name = "cloud.google.com/go"
  packages = [
    "compute/metadata",
    "internal",
  ]
  pruneopts = "NUT"
  revision = "3b1ae45394a234c385be014e9a488f2bb6eef821"

[[projects]]
  digest = "1:bc8e726b0ac938981d62a7fdbc14aa9314e8af92c75d3858cb583e563d41802b"
  name = "code.cloudfoundry.org/lager"
  packages = ["."]
  pruneopts = "NUT"
  revision = "0bfa98e49e7a976af91e918d47978f07c00b081f"

[[projects]]
  digest = "1:81f8c061c3d18ed1710957910542bc17d2b789c6cd19e0f654c30b35fd255ca5"
  name = "github.com/Azure/go-ansiterm"
  packages = [
    ".",
    "winterm",
  ]
  pruneopts = "NUT"
  revision = "d6e3b3328b783f23731bc4d058875b0371ff8109"

[[projects]]
  digest = "1:3aff45e2d22fc5851ec596b06612ac7319b78904880ec9311dfa67b173515906"
  name = "github.com/Azure/go-autorest"
  packages = [
    "autorest",
    "autorest/adal",
    "autorest/azure",
    "autorest/date",
    "version",
  ]
  pruneopts = "NUT"
  revision = "bca49d5b51a50dc5bb17bbf6204c711c6dbded06"

[[projects]]
  digest = "1:98a80c23be101f8a1d51c4721cc6b85f882e07d57adf2133852c0034006f646e"
  name = "github.com/NYTimes/gziphandler"
  packages = ["."]
  pruneopts = "NUT"
  revision = "56545f4a5d46df9a6648819d1664c3a03a13ffdb"

[[projects]]
  digest = "1:975b8fd9f8bf97cfdbc6a6af823172e4315b8e0b1d99f7651472f4fe9ff61cbe"
  name = "github.com/PuerkitoBio/purell"
  packages = ["."]
  pruneopts = "NUT"
  revision = "8a290539e2e8629dbc4e6bad948158f790ec31f4"

[[projects]]
  digest = "1:8098cd40cd09879efbf12e33bcd51ead4a66006ac802cd563a66c4f3373b9727"
  name = "github.com/PuerkitoBio/urlesc"
  packages = ["."]
  pruneopts = "NUT"
  revision = "5bd2802263f21d8788851d5305584c82a5c75d7e"

[[projects]]
  digest = "1:98b67a0e0b85cabc7613a7f439e6c339ffc3a2de1d1ba190a156715f81f97bc2"
  name = "github.com/bazelbuild/buildtools"
  packages = [
    "build",
    "tables",
  ]
  pruneopts = "NUT"
  revision = "1a9c38e0df9397d033a1ca535596de5a7c1cf18f"

[[projects]]
  digest = "1:75d40fa0c338f4c56056a3985e91fa371e8fcd0293e45b80afa7debecaf56012"
  name = "github.com/beorn7/perks"
  packages = ["quantile"]
  pruneopts = "NUT"
  revision = "3ac7bf7a47d159a033b107610db8a1b6575507a4"

[[projects]]
  digest = "1:c8e590d9dbb0697ed558725b3089c1b8e089842e27c3b9d6be3bbda344e14ca6"
  name = "github.com/cockroachdb/cmux"
  packages = ["."]
  pruneopts = "NUT"
  revision = "112f0506e7743d64a6eb8fedbcff13d9979bbf92"

[[projects]]
  digest = "1:9610254926720daa703fae889010d45e190e8c264c6da76354f0ac8540ca3271"
  name = "github.com/coreos/bbolt"
  packages = ["."]
  pruneopts = "NUT"
  revision = "48ea1b39c25fc1bab3506fbc712ecbaa842c4d2d"

[[projects]]
  digest = "1:d1f61d9dc85440693892aa08b0a30e88a3a60591e2bdfd1df15d04b090ecfddc"
  name = "github.com/coreos/etcd"
  packages = [
    "alarm",
    "auth",
    "auth/authpb",
    "client",
    "clientv3",
    "clientv3/concurrency",
    "compactor",
    "discovery",
    "embed",
    "error",
    "etcdserver",
    "etcdserver/api",
    "etcdserver/api/etcdhttp",
    "etcdserver/api/v2http",
    "etcdserver/api/v2http/httptypes",
    "etcdserver/api/v3client",
    "etcdserver/api/v3election",
    "etcdserver/api/v3election/v3electionpb",
    "etcdserver/api/v3election/v3electionpb/gw",
    "etcdserver/api/v3lock",
    "etcdserver/api/v3lock/v3lockpb",
    "etcdserver/api/v3lock/v3lockpb/gw",
    "etcdserver/api/v3rpc",
    "etcdserver/api/v3rpc/rpctypes",
    "etcdserver/auth",
    "etcdserver/etcdserverpb",
    "etcdserver/etcdserverpb/gw",
    "etcdserver/membership",
    "etcdserver/stats",
    "lease",
    "lease/leasehttp",
    "lease/leasepb",
    "mvcc",
    "mvcc/backend",
    "mvcc/mvccpb",
    "pkg/adt",
    "pkg/contention",
    "pkg/cors",
    "pkg/cpuutil",
    "pkg/crc",
    "pkg/debugutil",
    "pkg/fileutil",
    "pkg/httputil",
    "pkg/idutil",
    "pkg/ioutil",
    "pkg/logutil",
    "pkg/monotime",
    "pkg/netutil",
    "pkg/pathutil",
    "pkg/pbutil",
    "pkg/runtime",
    "pkg/schedule",
    "pkg/srv",
    "pkg/tlsutil",
    "pkg/transport",
    "pkg/types",
    "pkg/wait",
    "proxy/grpcproxy/adapter",
    "raft",
    "raft/raftpb",
    "rafthttp",
    "snap",
    "snap/snappb",
    "store",
    "version",
    "wal",
    "wal/walpb",
  ]
  pruneopts = "NUT"
  revision = "420a452267a7ce45b3fcbed04d54030d69964fc1"

[[projects]]
  digest = "1:c298fe11665f7157328f2978bc60f761ffcc706b94bf077e661a59fe29b291a0"
  name = "github.com/coreos/go-semver"
  packages = ["semver"]
  pruneopts = "NUT"
  revision = "568e959cd89871e61434c1143528d9162da89ef2"

[[projects]]
  digest = "1:f4978babd0d008b62b173353bb08d06fdd87d10a3d419bdd930d2243d5094a47"
  name = "github.com/coreos/go-systemd"
  packages = [
    "daemon",
    "journal",
  ]
  pruneopts = "NUT"
  revision = "48702e0da86bd25e76cfef347e2adeb434a0d0a6"

[[projects]]
  digest = "1:9a89d8c37f5fadb9651b180fc74fc6ceb3e6abb74cbf8e783bbfba05bd8f98c4"
  name = "github.com/coreos/pkg"
  packages = ["capnslog"]
  pruneopts = "NUT"
  revision = "fa29b1d70f0beaddd4c7021607cc3c3be8ce94b8"

[[projects]]
  digest = "1:6b21090f60571b20b3ddc2c8e48547dffcf409498ed6002c2cada023725ed377"
  name = "github.com/davecgh/go-spew"
  packages = ["spew"]
  pruneopts = "NUT"
  revision = "782f4967f2dc4564575ca782fe2d04090b5faca8"

[[projects]]
  digest = "1:fff28a0718d58de6fcf391a8f7122e1c7b28b253290c8d85bb04b11a0e66162e"
  name = "github.com/dgrijalva/jwt-go"
  packages = ["."]
  pruneopts = "NUT"
  revision = "01aeca54ebda6e0fbfafd0a524d234159c05ec20"

[[projects]]
  digest = "1:5c709df1e94c6dbee6fdd9699b11e3cdfa06870b1e828e9311e4e879b2ae6a4a"
  name = "github.com/docker/docker"
  packages = [
    "pkg/term",
    "pkg/term/windows",
  ]
  pruneopts = "NUT"
  revision = "a9fbbdc8dd8794b20af358382ab780559bca589d"

[[projects]]
  digest = "1:167869ab83b3cc492e8fc22feb5d01f2cefef01f5de50daeb51d63c155e44f36"
  name = "github.com/elazarl/go-bindata-assetfs"
  packages = ["."]
  pruneopts = "NUT"
  revision = "3dcc96556217539f50599357fb481ac0dc7439b9"

[[projects]]
  digest = "1:6ea3fb0af5a25598466db91ce2f66dbd479dbc667ca3b828f19bc2a6fdffbc71"
  name = "github.com/emicklei/go-restful"
  packages = [
    ".",
    "log",
  ]
  pruneopts = "NUT"
  revision = "ff4f55a206334ef123e4f79bbf348980da81ca46"

[[projects]]
  digest = "1:27e00683ae7700cf7b286011dcd6ace672d542d236590dcc51bd10669cfb3366"
  name = "github.com/emicklei/go-restful-swagger12"
  packages = ["."]
  pruneopts = "NUT"
  revision = "dcef7f55730566d41eae5db10e7d6981829720f6"

[[projects]]
  digest = "1:60841fce0bb6435d13e4d1be0c36362276e55fc811d74cbdd90e7086f3bf08ce"
  name = "github.com/evanphx/json-patch"
  packages = ["."]
  pruneopts = "NUT"
  revision = "36442dbdb585210f8d5a1b45e67aa323c197d5c4"

[[projects]]
  digest = "1:364ef519880c6024191ac7660244e5478b193489bb35755f843627cc86cfb411"
  name = "github.com/fsnotify/fsnotify"
  packages = ["."]
  pruneopts = "NUT"
  revision = "f12c6236fe7b5cf6bcf30e5935d08cb079d78334"

[[projects]]
  digest = "1:abfe129dc92b16fbf0cc9d6336096a2823151756f62072a700eb10754141b38e"
  name = "github.com/ghodss/yaml"
  packages = ["."]
  pruneopts = "NUT"
  revision = "73d445a93680fa1a78ae23a5839bad48f32ba1ee"

[[projects]]
  digest = "1:e90c60f901104f83cdcad5961d752541a0cd6a0bd996d7fd920bfe8f8c39f241"
  name = "github.com/go-openapi/jsonpointer"
  packages = ["."]
  pruneopts = "NUT"
  revision = "46af16f9f7b149af66e5d1bd010e3574dc06de98"

[[projects]]
  digest = "1:98abd61947ff5c7c6fcfec5473d02a4821ed3a2dd99a4fbfdb7925b0dd745546"
  name = "github.com/go-openapi/jsonreference"
  packages = ["."]
  pruneopts = "NUT"
  revision = "13c6e3589ad90f49bd3e3bbe2c2cb3d7a4142272"

[[projects]]
  digest = "1:5915a91a5943a55e0c1cf1df04f6c22c6a942cd2792efe38c844f97b89aa40d8"
  name = "github.com/go-openapi/spec"
  packages = ["."]
  pruneopts = "NUT"
  revision = "1de3e0542de65ad8d75452a595886fdd0befb363"

[[projects]]
  digest = "1:f79fc470a7d6df93d53ca2a431b6df84534ba5ccab4e451b008358655ec37b28"
  name = "github.com/go-openapi/swag"
  packages = ["."]
  pruneopts = "NUT"
  revision = "f3f9494671f93fcff853e3c6e9e948b3eb71e590"

[[projects]]
  digest = "1:a6afc27b2a73a5506832f3c5a1c19a30772cb69e7bd1ced4639eb36a55db224f"
  name = "github.com/gogo/protobuf"
  packages = [
    "proto",
    "sortkeys",
  ]
  pruneopts = "NUT"
  revision = "c0656edd0d9eab7c66d1eb0c568f9039345796f7"

[[projects]]
  digest = "1:78b8040ece2ff622580def2708b9eb0b2857711b6744c475439bf337e9c677ea"
  name = "github.com/golang/glog"
  packages = ["."]
  pruneopts = "NUT"
  revision = "44145f04b68cf362d9c4df2182967c2275eaefed"

[[projects]]
  digest = "1:7672c206322f45b33fac1ae2cb899263533ce0adcc6481d207725560208ec84e"
  name = "github.com/golang/groupcache"
  packages = ["lru"]
  pruneopts = "NUT"
  revision = "02826c3e79038b59d737d3b1c0a1d937f71a4433"

[[projects]]
  digest = "1:6aef947ba53156da1a66ee891d70d61835e0dcfc9f0d728ae1132db651e81c22"
  name = "github.com/golang/protobuf"
  packages = [
    "jsonpb",
    "proto",
    "protoc-gen-go/descriptor",
    "ptypes",
    "ptypes/any",
    "ptypes/duration",
    "ptypes/struct",
    "ptypes/timestamp",
  ]
  pruneopts = "NUT"
  revision = "b4deda0973fb4c70b50d226b1af49f3da59f5265"

[[projects]]
  digest = "1:a27662d4ea9bea722743550d9e6a686e36b74d7583b23009777ce3f63f3dba02"
  name = "github.com/google/btree"
  packages = ["."]
  pruneopts = "NUT"
  revision = "7d79101e329e5a3adf994758c578dab82b90c017"

[[projects]]
  digest = "1:f9425215dccf1c63f659ec781ca46bc81804341821d0cd8d2459c5b58f8bd067"
  name = "github.com/google/gofuzz"
  packages = ["."]
  pruneopts = "NUT"
  revision = "44d81051d367757e1c7c6a5a86423ece9afcf63c"

[[projects]]
  digest = "1:27b4ab41ffdc76ad6db56db327a4db234a59588ef059fc3fd678ba0bc6b9094f"
  name = "github.com/googleapis/gnostic"
  packages = [
    "OpenAPIv2",
    "compiler",
    "extensions",
  ]
  pruneopts = "NUT"
  revision = "0c5108395e2debce0d731cf0287ddf7242066aba"

[[projects]]
  digest = "1:75be71a09a7ea900c4f2c9c9a939581c65e087271c4244fa0ebfec982f5a1528"
  name = "github.com/gophercloud/gophercloud"
  packages = [
    ".",
    "openstack",
    "openstack/identity/v2/tenants",
    "openstack/identity/v2/tokens",
    "openstack/identity/v3/tokens",
    "openstack/utils",
    "pagination",
  ]
  pruneopts = "NUT"
  revision = "781450b3c4fcb4f5182bcc5133adb4b2e4a09d1d"

[[projects]]
  digest = "1:dbd86d229eacaa86a98b10f8fb3e3fc69a1913e0f4e010e7cc1f92bf12edca92"
  name = "github.com/gorilla/context"
  packages = ["."]
  pruneopts = "NUT"
  revision = "215affda49addc4c8ef7e2534915df2c8c35c6cd"

[[projects]]
  digest = "1:82bd47ca8e5216a1139f9a3d95fb2f5d2bb82f176acee55739da0504903f678a"
  name = "github.com/gorilla/mux"
  packages = ["."]
  pruneopts = "NUT"
  revision = "8096f47503459bcc74d1f4c487b7e6e42e5746b5"

[[projects]]
  digest = "1:b3fcc1e30ee909b7c81b8b4dc503f78169f51209b320c4c520b23c9c59b4ac75"
  name = "github.com/gregjones/httpcache"
  packages = [
    ".",
    "diskcache",
  ]
  pruneopts = "NUT"
  revision = "787624de3eb7bd915c329cba748687a3b22666a6"

[[projects]]
  digest = "1:96c558cff0532e2e9ffc0b6d7c8c7431c592d781b109343aa51e27f9fd9a6b82"
  name = "github.com/grpc-ecosystem/go-grpc-prometheus"
  packages = ["."]
  pruneopts = "NUT"
  revision = "2500245aa6110c562d17020fb31a2c133d737799"

[[projects]]
  digest = "1:0b200ca72bccd47ffca4d57f63168cf77d712e547849460e7e6f8efa622472a8"
  name = "github.com/grpc-ecosystem/grpc-gateway"
  packages = [
    "runtime",
    "runtime/internal",
    "utilities",
  ]
  pruneopts = "NUT"
  revision = "8cc3a55af3bcf171a1c23a90c4df9cf591706104"

[[projects]]
  branch = "master"
  digest = "1:f0d9d74edbd40fdeada436d5ac9cb5197407899af3fef85ff0137077ffe8ae19"
  name = "github.com/hashicorp/errwrap"
  packages = ["."]
  pruneopts = "NUT"
  revision = "7554cd9344cec97297fa6649b055a8c98c2a1e55"

[[projects]]
  branch = "master"
  digest = "1:4d55897d00e9b53c1c716e8fe504de3d21bec8edba0a330bfaa87902695e46e2"
  name = "github.com/hashicorp/go-multierror"
  packages = ["."]
  pruneopts = "NUT"
  revision = "b7773ae218740a7be65057fc60b366a49b538a44"

[[projects]]
  digest = "1:475b179287e8afdcd352014b2c2500e67decdf63e66125e2129286873453e1cd"
  name = "github.com/hashicorp/golang-lru"
  packages = [
    ".",
    "simplelru",
  ]
  pruneopts = "NUT"
  revision = "a0d98a5f288019575c6d1f4bb1573fef2d1fcdc4"

[[projects]]
  digest = "1:4eb7aa74693933be7f21dc465c49f9c0e03391262201ceac4dbf6a1be0bb7649"
  name = "github.com/hashicorp/hcl"
  packages = [
    ".",
    "hcl/ast",
    "hcl/parser",
    "hcl/scanner",
    "hcl/strconv",
    "hcl/token",
    "json/parser",
    "json/scanner",
    "json/token",
  ]
  pruneopts = "NUT"
  revision = "d8c773c4cba11b11539e3d45f93daeaa5dcf1fa1"

[[projects]]
  digest = "1:65300ccc4bcb38b107b868155c303312978981e56bca707c81efec57575b5e06"
  name = "github.com/imdario/mergo"
  packages = ["."]
  pruneopts = "NUT"
  revision = "9316a62528ac99aaecb4e47eadd6dc8aa6533d58"

[[projects]]
  digest = "1:406338ad39ab2e37b7f4452906442a3dbf0eb3379dd1f06aafb5c07e769a5fbb"
  name = "github.com/inconshreveable/mousetrap"
  packages = ["."]
  pruneopts = "NUT"
  revision = "76626ae9c91c4f2a10f34cad8ce83ea42c93bb75"

[[projects]]
  digest = "1:273d270076cfc02c2d481b187203ebb3891825f46fe78b925141a22631c52503"
  name = "github.com/jonboulle/clockwork"
  packages = ["."]
  pruneopts = "NUT"
  revision = "72f9bd7c4e0c2a40055ab3d0f09654f730cce982"

[[projects]]
  digest = "1:0243cffa4a3410f161ee613dfdd903a636d07e838a42d341da95d81f42cd1d41"
  name = "github.com/json-iterator/go"
  packages = ["."]
  pruneopts = "NUT"
  revision = "f2b4162afba35581b6d4a50d3b8f34e33c144682"

[[projects]]
  digest = "1:5dbea5aeba908dc7350b9cd7c6309ec08e85a8e106d4e3c3194f08a5b1e879e5"
  name = "github.com/jteeuwen/go-bindata"
  packages = [
    ".",
    "go-bindata",
  ]
  pruneopts = "NUT"
  revision = "a0ff2567cfb70903282db057e799fd826784d41d"

[[projects]]
  digest = "1:47fa0ef6ae6b0387dacb77c7ab8827b4ef621650fd613e43ece61de4cb3f5019"
  name = "github.com/kr/fs"
  packages = ["."]
  pruneopts = "NUT"
  revision = "2788f0dbd16903de03cb8186e5c7d97b69ad387b"

[[projects]]
  digest = "1:25bb541a1fbb9dcb3572a4fe5afcf0f5e92421bb1f6cd65f156445311afefdd8"
  name = "github.com/kubernetes/repo-infra"
  packages = ["kazel"]
  pruneopts = ""
  revision = "d9bb9fdc907665c61c228baa64fed9b91c7dc1b0"

[[projects]]
  digest = "1:1745a9a20b54531ca6d6db617f47ac6d367e5d004c7a44ba39149928bca8caff"
  name = "github.com/magiconair/properties"
  packages = ["."]
  pruneopts = "NUT"
  revision = "61b492c03cf472e0c6419be5899b8e0dc28b1b88"

[[projects]]
  digest = "1:a867990aee2ebc1ac86614ed702bf1e63061a79eac12d4326203cb9084b61839"
  name = "github.com/mailru/easyjson"
  packages = [
    "buffer",
    "jlexer",
    "jwriter",
  ]
  pruneopts = "NUT"
  revision = "2f5df55504ebc322e4d52d34df6a1f5b503bf26d"

[[projects]]
  branch = "master"
  digest = "1:c5e8f29529638550780382db6e0ee0cfd13c728c080ded1229126e31dcd1965e"
  name = "github.com/mattn/go-runewidth"
  packages = ["."]
  pruneopts = "NUT"
  revision = "97311d9f7767e3d6f422ea06661bc2c7a19e8a5d"

[[projects]]
  digest = "1:5985ef4caf91ece5d54817c11ea25f182697534f8ae6521eadcd628c142ac4b6"
  name = "github.com/matttproud/golang_protobuf_extensions"
  packages = ["pbutil"]
  pruneopts = "NUT"
  revision = "c12348ce28de40eed0136aa2b644d0ee0650e56c"

[[projects]]
  digest = "1:c7fe3a5aad0ae944376d50572fb8249580562d4331b9a1c0a9da9610336688aa"
  name = "github.com/mitchellh/mapstructure"
  packages = ["."]
  pruneopts = "NUT"
  revision = "53818660ed4955e899c0bcafa97299a388bd7c8e"

[[projects]]
  digest = "1:2f42fa12d6911c7b7659738758631bec870b7e9b4c6be5444f963cdcfccc191f"
  name = "github.com/modern-go/concurrent"
  packages = ["."]
  pruneopts = "NUT"
  revision = "bacd9c7ef1dd9b15be4a9909b8ac7a4e313eec94"

[[projects]]
  digest = "1:4c304933740413f2f22117bdaaa38e8827e38db27af4f100450279fdc4e99b8f"
  name = "github.com/modern-go/reflect2"
  packages = ["."]
  pruneopts = "NUT"
  revision = "05fbef0ca5da472bbf96c9322b84a53edc03c9fd"

[[projects]]
  branch = "master"
  digest = "1:a438ce60a95e64605b386781899a7f02b078af063e3bf4ae7b8d6e5ff2abae46"
  name = "github.com/olekukonko/tablewriter"
  packages = ["."]
  pruneopts = "NUT"
  revision = "96aac992fc8b1a4c83841a6c3e7178d20d989625"

[[projects]]
  digest = "1:a5d53f5654f1ff467723a4aeada2b4495261625cfef950d14b1d0a57c975cfc5"
  name = "github.com/onsi/ginkgo"
  packages = [
    ".",
    "config",
    "internal/codelocation",
    "internal/containernode",
    "internal/failer",
    "internal/leafnodes",
    "internal/remote",
    "internal/spec",
    "internal/spec_iterator",
    "internal/specrunner",
    "internal/suite",
    "internal/testingtproxy",
    "internal/writer",
    "reporters",
    "reporters/stenographer",
    "reporters/stenographer/support/go-colorable",
    "reporters/stenographer/support/go-isatty",
    "types",
  ]
  pruneopts = "NUT"
  revision = "67b9df7f55fe1165fd9ad49aca7754cce01a42b8"

[[projects]]
  digest = "1:ac2f56bdfda936f58892147d1bd60d268d801932d58581e73fa44cefb713af65"
  name = "github.com/onsi/gomega"
  packages = [
    ".",
    "format",
    "internal/assertion",
    "internal/asyncassertion",
    "internal/oraclematcher",
    "internal/testingtsupport",
    "matchers",
    "matchers/support/goraph/bipartitegraph",
    "matchers/support/goraph/edge",
    "matchers/support/goraph/node",
    "matchers/support/goraph/util",
    "types",
  ]
  pruneopts = "NUT"
  revision = "d59fa0ac68bb5dd932ee8d24eed631cdd519efc3"

[[projects]]
  digest = "1:9072181164e616e422cbfbe48ca9ac249a4d76301ca0876c9f56b937cf214a2f"
  name = "github.com/pborman/uuid"
  packages = ["."]
  pruneopts = "NUT"
  revision = "ca53cad383cad2479bbba7f7a1a05797ec1386e4"

[[projects]]
  digest = "1:51ea800cff51752ff68e12e04106f5887b4daec6f9356721238c28019f0b42db"
  name = "github.com/pelletier/go-toml"
  packages = ["."]
  pruneopts = "NUT"
  revision = "c01d1270ff3e442a8a57cddc1c92dc1138598194"

[[projects]]
  branch = "master"
  digest = "1:3bf17a6e6eaa6ad24152148a631d18662f7212e21637c2699bff3369b7f00fa2"
  name = "github.com/petar/GoLLRB"
  packages = ["llrb"]
  pruneopts = "NUT"
  revision = "53be0d36a84c2a886ca057d34b6aa4468df9ccb4"

[[projects]]
  digest = "1:6c6d91dc326ed6778783cff869c49fb2f61303cdd2ebbcf90abe53505793f3b6"
  name = "github.com/peterbourgon/diskv"
  packages = ["."]
  pruneopts = "NUT"
  revision = "5f041e8faa004a95c88a202771f4cc3e991971e6"

[[projects]]
  branch = "master"
  digest = "1:394c5f09077dd1b8c7c4379b2a83a997869e6f293f24581491c73ca7dfc70a4e"
  name = "github.com/peterbourgon/mergemap"
  packages = ["."]
  pruneopts = "NUT"
  revision = "e21c03b7a721e413718d2703181ead350d3c9d6f"

[[projects]]
  branch = "master"
  digest = "1:c91583d2da6d31cb89100aea9de6f269a9a311ae71c012535fc8ce96faa00062"
  name = "github.com/pivotal-cf/brokerapi"
  packages = [
    ".",
    "auth",
  ]
  pruneopts = "NUT"
  revision = "35946a0079bda144d0c9ed68df36899451f90209"

[[projects]]
  digest = "1:5cf3f025cbee5951a4ee961de067c8a89fc95a5adabead774f82822efabab121"
  name = "github.com/pkg/errors"
  packages = ["."]
  pruneopts = "NUT"
  revision = "645ef00459ed84a119197bfb8d8205042c6df63d"

[[projects]]
  digest = "1:1e0d7268f17a54350ec80d9c5b85167cd244c4b25a77ddecd930b73c649474c8"
  name = "github.com/pkg/sftp"
  packages = ["."]
  pruneopts = "NUT"
  revision = "4d0e916071f68db74f8a73926335f809396d6b42"

[[projects]]
  digest = "1:d0add9b073f4778471642b1c8cc65e9d921ba3377f0476a2c19fb3592299e544"
  name = "github.com/pmorie/go-open-service-broker-client"
  packages = [
    "v2",
    "v2/fake",
    "v2/generator",
  ]
  pruneopts = "NUT"
  revision = "79b374a2302fe4a2c05c6f469262d195b765152f"
  version = "0.0.12"

[[projects]]
  digest = "1:84c59299d10402298277e3388120e91244b9f5fd1bdaf06c394ba3c6a9e85db2"
  name = "github.com/prometheus/client_golang"
  packages = [
    "prometheus",
    "prometheus/promhttp",
  ]
  pruneopts = "NUT"
  revision = "e7e903064f5e9eb5da98208bae10b475d4db0f8c"

[[projects]]
  digest = "1:9fe8945a11a9f588a9d306b4741cad634da9015a704271b9506810e2cc77fa17"
  name = "github.com/prometheus/client_model"
  packages = ["go"]
  pruneopts = "NUT"
  revision = "fa8ad6fec33561be4280a8f0514318c79d7f6cb6"

[[projects]]
  digest = "1:65f12bb82877d6e049a41b5feec5f79f11e3e0ea5748f677d68f206ac408c403"
  name = "github.com/prometheus/common"
  packages = [
    "expfmt",
    "internal/bitbucket.org/ww/goautoneg",
    "model",
  ]
  pruneopts = "NUT"
  revision = "13ba4ddd0caa9c28ca7b7bffe1dfa9ed8d5ef207"

[[projects]]
  digest = "1:6289bdad6cb0bc988631332a560688ac29a47a3f901b54a976d804a4dcbbab72"
  name = "github.com/prometheus/procfs"
  packages = [
    ".",
    "xfs",
  ]
  pruneopts = "NUT"
  revision = "65c1f6f8f0fc1e2185eb9863a3bc751496404259"

[[projects]]
  digest = "1:414933e1ae2e9e19123e52fb29c97cb9d127d8a500f45a2ba80b537283a38b87"
  name = "github.com/sirupsen/logrus"
  packages = ["."]
  pruneopts = "NUT"
  revision = "89742aefa4b206dcf400792f3bd35b542998eb3b"

[[projects]]
  digest = "1:1af4e3c17f2df21ddefb311bf42c3a05178ba08097b18816c52f3b18a98b3ef3"
  name = "github.com/spf13/afero"
  packages = [
    ".",
    "mem",
    "sftp",
  ]
  pruneopts = "NUT"
  revision = "b28a7effac979219c2a2ed6205a4d70e4b1bcd02"

[[projects]]
  digest = "1:362766ce6d0361b1a364868f8441e5696cd6260b4aa4c23b609adafbaeee2024"
  name = "github.com/spf13/cast"
  packages = ["."]
  pruneopts = "NUT"
  revision = "e31f36ffc91a2ba9ddb72a4b6a607ff9b3d3cb63"

[[projects]]
  digest = "1:0f156dbd01b40676bdcbc64e51535c09b50f83c9cca5faef3090f82f18bda3c2"
  name = "github.com/spf13/cobra"
  packages = ["."]
  pruneopts = "NUT"
  revision = "c439c4fa093711d42e1b01acb1235b52004753c1"

[[projects]]
  digest = "1:5664cfa541da6bd03dc6eb79c0639d3b43ba3ae997e694cd23cfd5da59160268"
  name = "github.com/spf13/jwalterweatherman"
  packages = ["."]
  pruneopts = "NUT"
  revision = "33c24e77fb80341fe7130ee7c594256ff08ccc46"

[[projects]]
  digest = "1:15e5c398fbd9d2c439b635a08ac161b13d04f0c2aa587fe256b65dc0c3efe8b7"
  name = "github.com/spf13/pflag"
  packages = ["."]
  pruneopts = "NUT"
  revision = "583c0c0531f06d5278b7d917446061adc344b5cd"

[[projects]]
  digest = "1:2be333fdd68ebb491aa51bebde4ec99fd8f481316fd2e785fb51c73bec9c45c5"
  name = "github.com/spf13/viper"
  packages = ["."]
  pruneopts = "NUT"
  revision = "7fb2782df3d83e0036cc89f461ed0422628776f4"

[[projects]]
  digest = "1:6f841ce38da42c2cb2fa1c16d801942b354800eacb2a7bdf02b4fe24a151f7b8"
  name = "github.com/ugorji/go"
  packages = ["codec"]
  pruneopts = "NUT"
  revision = "ded73eae5db7e7a0ef6f55aace87a2873c5d2b74"

[[projects]]
  digest = "1:e4ffb3b860a4c71f7805415b4ba1e9a27e04eb9c4c03ddd943e9ff1790eda506"
  name = "github.com/xiang90/probing"
  packages = ["."]
  pruneopts = "NUT"
  revision = "07dd2e8dfe18522e9c447ba95f2fe95262f63bb2"

[[projects]]
  digest = "1:953bd4a9f4cf9035c69f1425ad531f4adbf621c5455b12e29b13df6a8b9839ac"
  name = "golang.org/x/crypto"
  packages = [
    "bcrypt",
    "blowfish",
    "curve25519",
    "ed25519",
    "ed25519/internal/edwards25519",
    "internal/chacha20",
    "internal/subtle",
    "poly1305",
    "ssh",
    "ssh/terminal",
  ]
  pruneopts = "NUT"
  revision = "de0752318171da717af4ce24d0a2e8626afaeb11"

[[projects]]
  branch = "master"
  digest = "1:7376bd3ae9304c857f4189d15e8439338a9129fd4f91edfb752b86c9d5b0acf3"
  name = "golang.org/x/lint"
  packages = [
    ".",
    "golint",
  ]
  pruneopts = "NUT"
  revision = "470b6b0bb3005eda157f0275e2e4895055396a81"

[[projects]]
  digest = "1:d944f1515f7a4bcf1cf0a14ce1886f2622b2fa2eca2f59e329eaa05a96c76c53"
  name = "golang.org/x/net"
  packages = [
    "context",
    "context/ctxhttp",
    "http2",
    "http2/hpack",
    "idna",
    "internal/timeseries",
    "lex/httplex",
    "trace",
    "websocket",
  ]
  pruneopts = "NUT"
  revision = "1c05540f6879653db88113bc4a2b70aec4bd491f"

[[projects]]
  digest = "1:da311e132160fec8dfc9e659915b8f942e5563c27bbf3c45d2c9e67a1434ef65"
  name = "golang.org/x/oauth2"
  packages = [
    ".",
    "google",
    "internal",
    "jws",
    "jwt",
  ]
  pruneopts = "NUT"
  revision = "a6bd8cefa1811bd24b86f8902872e4e8225f74c4"

[[projects]]
  digest = "1:a969921c213e6d90554219689f484043e1e897d1936e524cfbb4fd6cb8ae2736"
  name = "golang.org/x/sys"
  packages = [
    "unix",
    "windows",
  ]
  pruneopts = "NUT"
  revision = "95c6576299259db960f6c5b9b69ea52422860fce"

[[projects]]
  digest = "1:083c7250105c19c9f912da66204e7d92c44228c0d355de262da083e14d026c1f"
  name = "golang.org/x/text"
  packages = [
    "cases",
    "internal",
    "internal/gen",
    "internal/tag",
    "internal/triegen",
    "internal/ucd",
    "language",
    "runes",
    "secure/bidirule",
    "secure/precis",
    "transform",
    "unicode/bidi",
    "unicode/cldr",
    "unicode/norm",
    "unicode/rangetable",
    "width",
  ]
  pruneopts = "NUT"
  revision = "b19bf474d317b857955b12035d2c5acb57ce8b01"

[[projects]]
  digest = "1:d37b0ef2944431fe9e8ef35c6fffc8990d9e2ca300588df94a6890f3649ae365"
  name = "golang.org/x/time"
  packages = ["rate"]
  pruneopts = "NUT"
  revision = "f51c12702a4d776e4c1fa9b0fabab841babae631"

[[projects]]
  digest = "1:55d282d268239e6ff6059a706caf76c4f8573bb1891180fe2ef7fc6bbb48d4c2"
  name = "golang.org/x/tools"
  packages = [
    "go/ast/astutil",
    "go/gcexportdata",
    "go/gcimporter15",
    "imports",
  ]
  pruneopts = "NUT"
  revision = "2382e3994d48b1d22acc2c86bcad0a2aff028e32"

[[projects]]
  digest = "1:2e786ec352911133e8d9da56bc10611af39aa66f39edfef196fcea99eaeef5f0"
  name = "google.golang.org/appengine"
  packages = [
    ".",
    "internal",
    "internal/app_identity",
    "internal/base",
    "internal/datastore",
    "internal/log",
    "internal/modules",
    "internal/remote_api",
    "internal/urlfetch",
    "urlfetch",
  ]
  pruneopts = "NUT"
  revision = "24e4144ec923c2374f6b06610c0df16a9222c3d9"

[[projects]]
  digest = "1:0efcfe82e59b828eb6f4115bba88ff45c0898c38e823fbe7f450bdffed9e739b"
  name = "google.golang.org/genproto"
  packages = [
    "googleapis/api/annotations",
    "googleapis/rpc/status",
  ]
  pruneopts = "NUT"
  revision = "09f6ed296fc66555a25fe4ce95173148778dfa85"

[[projects]]
  digest = "1:97fea9e0152ca5f68ad34cd4adf6cf98cf268647a1a3f6c464fabf321a9ce9bf"
  name = "google.golang.org/grpc"
  packages = [
    ".",
    "balancer",
    "codes",
    "connectivity",
    "credentials",
    "grpclb/grpc_lb_v1/messages",
    "grpclog",
    "health/grpc_health_v1",
    "internal",
    "keepalive",
    "metadata",
    "naming",
    "peer",
    "resolver",
    "stats",
    "status",
    "tap",
    "transport",
  ]
  pruneopts = "NUT"
  revision = "5b3c4e850e90a4cf6a20ebd46c8b32a0a3afcb9e"

[[projects]]
  digest = "1:ef72505cf098abdd34efeea032103377bec06abb61d8a06f002d5d296a4b1185"
  name = "gopkg.in/inf.v0"
  packages = ["."]
  pruneopts = "NUT"
  revision = "3887ee99ecf07df5b447e9b00d9c0b2adaa9f3e4"

[[projects]]
  digest = "1:8ad12a77c779f40966e35f0c8f34088a52de7daac0d5570b9854e89972f12ca2"
  name = "gopkg.in/natefinch/lumberjack.v2"
  packages = ["."]
  pruneopts = "NUT"
  revision = "20b71e5b60d756d3d2f80def009790325acc2b23"

[[projects]]
  digest = "1:b1f13c74112ab237c8b840517fbbcfb98d3690073caad6c5b1a56c29fea086e3"
  name = "gopkg.in/yaml.v2"
  packages = ["."]
  pruneopts = "NUT"
  revision = "670d4cfef0544295bc27a114dbac37980d83185a"

[[projects]]
  branch = "release-1.12"
  digest = "1:1d34342a53d8f8c625260d6c4c2e5c99442b1635bbf4208f426bd12aa210b870"
  name = "k8s.io/api"
  packages = [
    "admission/v1beta1",
    "admissionregistration/v1alpha1",
    "admissionregistration/v1beta1",
    "apps/v1",
    "apps/v1beta1",
    "apps/v1beta2",
    "authentication/v1",
    "authentication/v1beta1",
    "authorization/v1",
    "authorization/v1beta1",
    "autoscaling/v1",
    "autoscaling/v2beta1",
    "autoscaling/v2beta2",
    "batch/v1",
    "batch/v1beta1",
    "batch/v2alpha1",
    "certificates/v1beta1",
    "coordination/v1beta1",
    "core/v1",
    "events/v1beta1",
    "extensions/v1beta1",
    "networking/v1",
    "policy/v1beta1",
    "rbac/v1",
    "rbac/v1alpha1",
    "rbac/v1beta1",
    "scheduling/v1alpha1",
    "scheduling/v1beta1",
    "settings/v1alpha1",
    "storage/v1",
    "storage/v1alpha1",
    "storage/v1beta1",
  ]
  pruneopts = "NUT"
  revision = "475331a8afff5587f47d0470a93f79c60c573c03"

[[projects]]
  branch = "release-1.12"
  digest = "1:e490e423b55b9016bdd25e148cf310729264f5e6a1af5765d2d51e6beb992d21"
  name = "k8s.io/apimachinery"
  packages = [
    "pkg/api/apitesting",
    "pkg/api/apitesting/fuzzer",
    "pkg/api/apitesting/roundtrip",
    "pkg/api/equality",
    "pkg/api/errors",
    "pkg/api/meta",
    "pkg/api/meta/table",
    "pkg/api/resource",
    "pkg/api/validation",
    "pkg/api/validation/path",
    "pkg/apis/meta/fuzzer",
    "pkg/apis/meta/internalversion",
    "pkg/apis/meta/v1",
    "pkg/apis/meta/v1/unstructured",
    "pkg/apis/meta/v1/validation",
    "pkg/apis/meta/v1beta1",
    "pkg/conversion",
    "pkg/conversion/queryparams",
    "pkg/fields",
    "pkg/labels",
    "pkg/runtime",
    "pkg/runtime/schema",
    "pkg/runtime/serializer",
    "pkg/runtime/serializer/json",
    "pkg/runtime/serializer/protobuf",
    "pkg/runtime/serializer/recognizer",
    "pkg/runtime/serializer/streaming",
    "pkg/runtime/serializer/versioning",
    "pkg/selection",
    "pkg/types",
    "pkg/util/cache",
    "pkg/util/clock",
    "pkg/util/diff",
    "pkg/util/duration",
    "pkg/util/errors",
    "pkg/util/framer",
    "pkg/util/intstr",
    "pkg/util/json",
    "pkg/util/mergepatch",
    "pkg/util/naming",
    "pkg/util/net",
    "pkg/util/rand",
    "pkg/util/runtime",
    "pkg/util/sets",
    "pkg/util/strategicpatch",
    "pkg/util/uuid",
    "pkg/util/validation",
    "pkg/util/validation/field",
    "pkg/util/wait",
    "pkg/util/waitgroup",
    "pkg/util/yaml",
    "pkg/version",
    "pkg/watch",
    "third_party/forked/golang/json",
    "third_party/forked/golang/reflect",
  ]
  pruneopts = "NUT"
  revision = "6dd46049f39503a1fc8d65de4bd566829e95faff"

[[projects]]
  branch = "release-1.12"
  digest = "1:bc43102a117ab1831f8d8470fd794b82207f79df6a7b1260e160ad1c0adea4e2"
  name = "k8s.io/apiserver"
  packages = [
    "pkg/admission",
    "pkg/admission/configuration",
    "pkg/admission/initializer",
    "pkg/admission/metrics",
    "pkg/admission/plugin/initialization",
    "pkg/admission/plugin/namespace/lifecycle",
    "pkg/admission/plugin/webhook/config",
    "pkg/admission/plugin/webhook/config/apis/webhookadmission",
    "pkg/admission/plugin/webhook/config/apis/webhookadmission/v1alpha1",
    "pkg/admission/plugin/webhook/errors",
    "pkg/admission/plugin/webhook/generic",
    "pkg/admission/plugin/webhook/mutating",
    "pkg/admission/plugin/webhook/namespace",
    "pkg/admission/plugin/webhook/request",
    "pkg/admission/plugin/webhook/rules",
    "pkg/admission/plugin/webhook/util",
    "pkg/admission/plugin/webhook/validating",
    "pkg/apis/apiserver",
    "pkg/apis/apiserver/install",
    "pkg/apis/apiserver/v1alpha1",
    "pkg/apis/audit",
    "pkg/apis/audit/install",
    "pkg/apis/audit/v1",
    "pkg/apis/audit/v1alpha1",
    "pkg/apis/audit/v1beta1",
    "pkg/apis/audit/validation",
    "pkg/audit",
    "pkg/audit/policy",
    "pkg/authentication/authenticator",
    "pkg/authentication/authenticatorfactory",
    "pkg/authentication/group",
    "pkg/authentication/request/anonymous",
    "pkg/authentication/request/bearertoken",
    "pkg/authentication/request/headerrequest",
    "pkg/authentication/request/union",
    "pkg/authentication/request/websocket",
    "pkg/authentication/request/x509",
    "pkg/authentication/serviceaccount",
    "pkg/authentication/token/tokenfile",
    "pkg/authentication/user",
    "pkg/authorization/authorizer",
    "pkg/authorization/authorizerfactory",
    "pkg/authorization/path",
    "pkg/authorization/union",
    "pkg/endpoints",
    "pkg/endpoints/discovery",
    "pkg/endpoints/filters",
    "pkg/endpoints/handlers",
    "pkg/endpoints/handlers/negotiation",
    "pkg/endpoints/handlers/responsewriters",
    "pkg/endpoints/metrics",
    "pkg/endpoints/openapi",
    "pkg/endpoints/request",
    "pkg/features",
    "pkg/registry/generic",
    "pkg/registry/generic/registry",
    "pkg/registry/rest",
    "pkg/server",
    "pkg/server/filters",
    "pkg/server/healthz",
    "pkg/server/httplog",
    "pkg/server/mux",
    "pkg/server/options",
    "pkg/server/resourceconfig",
    "pkg/server/routes",
    "pkg/server/routes/data/swagger",
    "pkg/server/storage",
    "pkg/storage",
    "pkg/storage/cacher",
    "pkg/storage/errors",
    "pkg/storage/etcd",
    "pkg/storage/etcd/metrics",
    "pkg/storage/etcd/util",
    "pkg/storage/etcd3",
    "pkg/storage/etcd3/preflight",
    "pkg/storage/names",
    "pkg/storage/storagebackend",
    "pkg/storage/storagebackend/factory",
    "pkg/storage/value",
    "pkg/util/dryrun",
    "pkg/util/feature",
    "pkg/util/flag",
    "pkg/util/flushwriter",
    "pkg/util/logs",
    "pkg/util/openapi",
    "pkg/util/trace",
    "pkg/util/webhook",
    "pkg/util/wsstream",
    "plugin/pkg/audit/buffered",
    "plugin/pkg/audit/log",
    "plugin/pkg/audit/truncate",
    "plugin/pkg/audit/webhook",
    "plugin/pkg/authenticator/token/webhook",
    "plugin/pkg/authorizer/webhook",
  ]
  pruneopts = "NUT"
  revision = "a4ed22a224c0a5f970851abac59d313a6ac803c5"

[[projects]]
  branch = "release-9.0"
  digest = "1:bfff12887cc0d5f830b58fd1004468028e6ce0b1fcf98cfae07797061ee596a5"
  name = "k8s.io/client-go"
  packages = [
    "discovery",
    "discovery/fake",
    "informers",
    "informers/admissionregistration",
    "informers/admissionregistration/v1alpha1",
    "informers/admissionregistration/v1beta1",
    "informers/apps",
    "informers/apps/v1",
    "informers/apps/v1beta1",
    "informers/apps/v1beta2",
    "informers/autoscaling",
    "informers/autoscaling/v1",
    "informers/autoscaling/v2beta1",
    "informers/autoscaling/v2beta2",
    "informers/batch",
    "informers/batch/v1",
    "informers/batch/v1beta1",
    "informers/batch/v2alpha1",
    "informers/certificates",
    "informers/certificates/v1beta1",
    "informers/coordination",
    "informers/coordination/v1beta1",
    "informers/core",
    "informers/core/v1",
    "informers/events",
    "informers/events/v1beta1",
    "informers/extensions",
    "informers/extensions/v1beta1",
    "informers/internalinterfaces",
    "informers/networking",
    "informers/networking/v1",
    "informers/policy",
    "informers/policy/v1beta1",
    "informers/rbac",
    "informers/rbac/v1",
    "informers/rbac/v1alpha1",
    "informers/rbac/v1beta1",
    "informers/scheduling",
    "informers/scheduling/v1alpha1",
    "informers/scheduling/v1beta1",
    "informers/settings",
    "informers/settings/v1alpha1",
    "informers/storage",
    "informers/storage/v1",
    "informers/storage/v1alpha1",
    "informers/storage/v1beta1",
    "kubernetes",
    "kubernetes/fake",
    "kubernetes/scheme",
    "kubernetes/typed/admissionregistration/v1alpha1",
    "kubernetes/typed/admissionregistration/v1alpha1/fake",
    "kubernetes/typed/admissionregistration/v1beta1",
    "kubernetes/typed/admissionregistration/v1beta1/fake",
    "kubernetes/typed/apps/v1",
    "kubernetes/typed/apps/v1/fake",
    "kubernetes/typed/apps/v1beta1",
    "kubernetes/typed/apps/v1beta1/fake",
    "kubernetes/typed/apps/v1beta2",
    "kubernetes/typed/apps/v1beta2/fake",
    "kubernetes/typed/authentication/v1",
    "kubernetes/typed/authentication/v1/fake",
    "kubernetes/typed/authentication/v1beta1",
    "kubernetes/typed/authentication/v1beta1/fake",
    "kubernetes/typed/authorization/v1",
    "kubernetes/typed/authorization/v1/fake",
    "kubernetes/typed/authorization/v1beta1",
    "kubernetes/typed/authorization/v1beta1/fake",
    "kubernetes/typed/autoscaling/v1",
    "kubernetes/typed/autoscaling/v1/fake",
    "kubernetes/typed/autoscaling/v2beta1",
    "kubernetes/typed/autoscaling/v2beta1/fake",
    "kubernetes/typed/autoscaling/v2beta2",
    "kubernetes/typed/autoscaling/v2beta2/fake",
    "kubernetes/typed/batch/v1",
    "kubernetes/typed/batch/v1/fake",
    "kubernetes/typed/batch/v1beta1",
    "kubernetes/typed/batch/v1beta1/fake",
    "kubernetes/typed/batch/v2alpha1",
    "kubernetes/typed/batch/v2alpha1/fake",
    "kubernetes/typed/certificates/v1beta1",
    "kubernetes/typed/certificates/v1beta1/fake",
    "kubernetes/typed/coordination/v1beta1",
    "kubernetes/typed/coordination/v1beta1/fake",
    "kubernetes/typed/core/v1",
    "kubernetes/typed/core/v1/fake",
    "kubernetes/typed/events/v1beta1",
    "kubernetes/typed/events/v1beta1/fake",
    "kubernetes/typed/extensions/v1beta1",
    "kubernetes/typed/extensions/v1beta1/fake",
    "kubernetes/typed/networking/v1",
    "kubernetes/typed/networking/v1/fake",
    "kubernetes/typed/policy/v1beta1",
    "kubernetes/typed/policy/v1beta1/fake",
    "kubernetes/typed/rbac/v1",
    "kubernetes/typed/rbac/v1/fake",
    "kubernetes/typed/rbac/v1alpha1",
    "kubernetes/typed/rbac/v1alpha1/fake",
    "kubernetes/typed/rbac/v1beta1",
    "kubernetes/typed/rbac/v1beta1/fake",
    "kubernetes/typed/scheduling/v1alpha1",
    "kubernetes/typed/scheduling/v1alpha1/fake",
    "kubernetes/typed/scheduling/v1beta1",
    "kubernetes/typed/scheduling/v1beta1/fake",
    "kubernetes/typed/settings/v1alpha1",
    "kubernetes/typed/settings/v1alpha1/fake",
    "kubernetes/typed/storage/v1",
    "kubernetes/typed/storage/v1/fake",
    "kubernetes/typed/storage/v1alpha1",
    "kubernetes/typed/storage/v1alpha1/fake",
    "kubernetes/typed/storage/v1beta1",
    "kubernetes/typed/storage/v1beta1/fake",
    "listers/admissionregistration/v1alpha1",
    "listers/admissionregistration/v1beta1",
    "listers/apps/v1",
    "listers/apps/v1beta1",
    "listers/apps/v1beta2",
    "listers/autoscaling/v1",
    "listers/autoscaling/v2beta1",
    "listers/autoscaling/v2beta2",
    "listers/batch/v1",
    "listers/batch/v1beta1",
    "listers/batch/v2alpha1",
    "listers/certificates/v1beta1",
    "listers/coordination/v1beta1",
    "listers/core/v1",
    "listers/events/v1beta1",
    "listers/extensions/v1beta1",
    "listers/networking/v1",
    "listers/policy/v1beta1",
    "listers/rbac/v1",
    "listers/rbac/v1alpha1",
    "listers/rbac/v1beta1",
    "listers/scheduling/v1alpha1",
    "listers/scheduling/v1beta1",
    "listers/settings/v1alpha1",
    "listers/storage/v1",
    "listers/storage/v1alpha1",
    "listers/storage/v1beta1",
    "pkg/apis/clientauthentication",
    "pkg/apis/clientauthentication/v1alpha1",
    "pkg/apis/clientauthentication/v1beta1",
    "pkg/version",
    "plugin/pkg/client/auth",
    "plugin/pkg/client/auth/azure",
    "plugin/pkg/client/auth/exec",
    "plugin/pkg/client/auth/gcp",
    "plugin/pkg/client/auth/oidc",
    "plugin/pkg/client/auth/openstack",
    "rest",
    "rest/fake",
    "rest/watch",
    "testing",
    "third_party/forked/golang/template",
    "tools/auth",
    "tools/cache",
    "tools/clientcmd",
    "tools/clientcmd/api",
    "tools/clientcmd/api/latest",
    "tools/clientcmd/api/v1",
    "tools/leaderelection",
    "tools/leaderelection/resourcelock",
    "tools/metrics",
    "tools/pager",
    "tools/record",
    "tools/reference",
    "transport",
    "util/buffer",
    "util/cert",
    "util/connrotation",
    "util/flowcontrol",
    "util/homedir",
    "util/integer",
    "util/jsonpath",
    "util/retry",
    "util/workqueue",
  ]
  pruneopts = "NUT"
  revision = "3e32c8333043fc2c058455f4d32986a89d31b05b"

[[projects]]
  branch = "release-1.12"
  digest = "1:4beedea08bba86b3966b66ea1489b44550d883599dc9b96adba0459ae22d7713"
  name = "k8s.io/code-generator"
  packages = [
    "cmd/client-gen",
    "cmd/client-gen/args",
    "cmd/client-gen/generators",
    "cmd/client-gen/generators/fake",
    "cmd/client-gen/generators/scheme",
    "cmd/client-gen/generators/util",
    "cmd/client-gen/path",
    "cmd/client-gen/types",
    "cmd/conversion-gen",
    "cmd/conversion-gen/args",
    "cmd/conversion-gen/generators",
    "cmd/deepcopy-gen",
    "cmd/deepcopy-gen/args",
    "cmd/defaulter-gen",
    "cmd/defaulter-gen/args",
    "cmd/informer-gen",
    "cmd/informer-gen/args",
    "cmd/informer-gen/generators",
    "cmd/lister-gen",
    "cmd/lister-gen/args",
    "cmd/lister-gen/generators",
    "cmd/openapi-gen",
    "cmd/openapi-gen/args",
    "pkg/util",
  ]
  pruneopts = "NUT"
  revision = "3dcf91f64f638563e5106f21f50c31fa361c918d"

[[projects]]
  digest = "1:fb0b799b5c7bd70d1cef3537e864457291f62e5a2e94ab659232e9958be5a869"
  name = "k8s.io/gengo"
  packages = [
    "args",
    "examples/deepcopy-gen/generators",
    "examples/defaulter-gen/generators",
    "examples/set-gen/sets",
    "generator",
    "namer",
    "parser",
    "types",
  ]
  pruneopts = "NUT"
  revision = "fdcf9f9480fdd5bf2b3c3df9bf4ecd22b25b87e2"

[[projects]]
  digest = "1:c4cf4f5da8aa32bfd9bf52790ef07f151ab91caf20a426d784a5cd0fef4ee831"
  name = "k8s.io/kube-openapi"
  packages = [
    "cmd/openapi-gen/args",
    "pkg/builder",
    "pkg/common",
    "pkg/generators",
    "pkg/generators/rules",
    "pkg/handler",
    "pkg/util",
    "pkg/util/proto",
    "pkg/util/sets",
  ]
  pruneopts = "NUT"
  revision = "0cf8f7e6ed1d2e3d47d02e3b6e559369af24d803"

[[projects]]
  branch = "master"
  digest = "1:e0778b03843ce8ad8b320859cba72b58ec642df8a9f2e988838c3aea8d7824c6"
  name = "k8s.io/kubectl"
  packages = ["pkg/pluginutils"]
  pruneopts = "NUT"
  revision = "b49f9314983687a9225e47627cc17191bf8df4b0"

[solve-meta]
  analyzer-name = "dep"
  analyzer-version = 1
  input-imports = [
    "code.cloudfoundry.org/lager",
    "github.com/Azure/go-autorest/autorest",
    "github.com/coreos/etcd/embed",
    "github.com/coreos/pkg/capnslog",
    "github.com/davecgh/go-spew/spew",
    "github.com/emicklei/go-restful/log",
    "github.com/ghodss/yaml",
    "github.com/go-openapi/spec",
    "github.com/golang/glog",
    "github.com/golang/protobuf/proto",
    "github.com/google/gofuzz",
    "github.com/gorilla/mux",
    "github.com/hashicorp/go-multierror",
    "github.com/jteeuwen/go-bindata/go-bindata",
    "github.com/kubernetes/repo-infra/kazel",
    "github.com/olekukonko/tablewriter",
    "github.com/onsi/ginkgo",
    "github.com/onsi/ginkgo/config",
    "github.com/onsi/gomega",
    "github.com/peterbourgon/mergemap",
    "github.com/pivotal-cf/brokerapi",
    "github.com/pkg/errors",
    "github.com/pmorie/go-open-service-broker-client/v2",
    "github.com/pmorie/go-open-service-broker-client/v2/fake",
    "github.com/pmorie/go-open-service-broker-client/v2/generator",
    "github.com/prometheus/client_golang/prometheus",
    "github.com/prometheus/client_golang/prometheus/promhttp",
    "github.com/spf13/cobra",
    "github.com/spf13/pflag",
    "github.com/spf13/viper",
    "golang.org/x/lint/golint",
    "gopkg.in/yaml.v2",
    "k8s.io/api/authorization/v1",
    "k8s.io/api/core/v1",
    "k8s.io/apimachinery/pkg/api/apitesting/fuzzer",
    "k8s.io/apimachinery/pkg/api/apitesting/roundtrip",
    "k8s.io/apimachinery/pkg/api/equality",
    "k8s.io/apimachinery/pkg/api/errors",
    "k8s.io/apimachinery/pkg/api/meta",
    "k8s.io/apimachinery/pkg/api/meta/table",
    "k8s.io/apimachinery/pkg/api/resource",
    "k8s.io/apimachinery/pkg/api/validation",
    "k8s.io/apimachinery/pkg/apis/meta/fuzzer",
    "k8s.io/apimachinery/pkg/apis/meta/v1",
    "k8s.io/apimachinery/pkg/apis/meta/v1/validation",
    "k8s.io/apimachinery/pkg/apis/meta/v1beta1",
    "k8s.io/apimachinery/pkg/conversion",
    "k8s.io/apimachinery/pkg/fields",
    "k8s.io/apimachinery/pkg/labels",
    "k8s.io/apimachinery/pkg/runtime",
    "k8s.io/apimachinery/pkg/runtime/schema",
    "k8s.io/apimachinery/pkg/runtime/serializer",
    "k8s.io/apimachinery/pkg/runtime/serializer/recognizer",
    "k8s.io/apimachinery/pkg/types",
    "k8s.io/apimachinery/pkg/util/diff",
    "k8s.io/apimachinery/pkg/util/errors",
    "k8s.io/apimachinery/pkg/util/intstr",
    "k8s.io/apimachinery/pkg/util/json",
    "k8s.io/apimachinery/pkg/util/runtime",
    "k8s.io/apimachinery/pkg/util/sets",
    "k8s.io/apimachinery/pkg/util/uuid",
    "k8s.io/apimachinery/pkg/util/validation",
    "k8s.io/apimachinery/pkg/util/validation/field",
    "k8s.io/apimachinery/pkg/util/wait",
    "k8s.io/apimachinery/pkg/version",
    "k8s.io/apimachinery/pkg/watch",
    "k8s.io/apiserver/pkg/admission",
    "k8s.io/apiserver/pkg/admission/initializer",
    "k8s.io/apiserver/pkg/admission/metrics",
    "k8s.io/apiserver/pkg/authentication/authenticator",
    "k8s.io/apiserver/pkg/authentication/user",
    "k8s.io/apiserver/pkg/authorization/authorizerfactory",
    "k8s.io/apiserver/pkg/endpoints/openapi",
    "k8s.io/apiserver/pkg/endpoints/request",
    "k8s.io/apiserver/pkg/registry/generic",
    "k8s.io/apiserver/pkg/registry/generic/registry",
    "k8s.io/apiserver/pkg/registry/rest",
    "k8s.io/apiserver/pkg/server",
    "k8s.io/apiserver/pkg/server/healthz",
    "k8s.io/apiserver/pkg/server/options",
    "k8s.io/apiserver/pkg/server/resourceconfig",
    "k8s.io/apiserver/pkg/server/storage",
    "k8s.io/apiserver/pkg/storage",
    "k8s.io/apiserver/pkg/storage/etcd3/preflight",
    "k8s.io/apiserver/pkg/storage/names",
    "k8s.io/apiserver/pkg/storage/storagebackend",
    "k8s.io/apiserver/pkg/storage/storagebackend/factory",
    "k8s.io/apiserver/pkg/util/feature",
    "k8s.io/apiserver/pkg/util/flag",
    "k8s.io/apiserver/pkg/util/logs",
    "k8s.io/client-go/discovery",
    "k8s.io/client-go/discovery/fake",
    "k8s.io/client-go/informers",
    "k8s.io/client-go/kubernetes",
    "k8s.io/client-go/kubernetes/fake",
    "k8s.io/client-go/kubernetes/typed/core/v1",
    "k8s.io/client-go/pkg/version",
    "k8s.io/client-go/plugin/pkg/client/auth",
    "k8s.io/client-go/rest",
    "k8s.io/client-go/rest/fake",
    "k8s.io/client-go/testing",
    "k8s.io/client-go/tools/cache",
    "k8s.io/client-go/tools/clientcmd",
    "k8s.io/client-go/tools/clientcmd/api",
    "k8s.io/client-go/tools/leaderelection",
    "k8s.io/client-go/tools/leaderelection/resourcelock",
    "k8s.io/client-go/tools/record",
    "k8s.io/client-go/util/flowcontrol",
    "k8s.io/client-go/util/jsonpath",
    "k8s.io/client-go/util/workqueue",
    "k8s.io/code-generator/cmd/client-gen",
    "k8s.io/code-generator/cmd/conversion-gen",
    "k8s.io/code-generator/cmd/deepcopy-gen",
    "k8s.io/code-generator/cmd/defaulter-gen",
    "k8s.io/code-generator/cmd/informer-gen",
    "k8s.io/code-generator/cmd/lister-gen",
    "k8s.io/code-generator/cmd/openapi-gen",
    "k8s.io/gengo/args",
    "k8s.io/kube-openapi/pkg/common",
    "k8s.io/kubectl/pkg/pluginutils",
  ]
  solver-name = "gps-cdcl"
  solver-version = 1
